
Microsoft Visual Studio Solution File, Format Version 12.00
# Visual Studio 15
VisualStudioVersion = 15.0.28307.329
MinimumVisualStudioVersion = 10.0.40219.1
Project("{9A19103F-16F7-4668-BE54-9A1E7A4F7556}") = "DeliveryService", "DeliveryService\DeliveryService.csproj", "{412EC93B-7F3F-4A49-BAF9-5B012B83D729}"
EndProject
Project("{9A19103F-16F7-4668-BE54-9A1E7A4F7556}") = "DeliveryServiceApi", "DeliveryService-Api\DeliveryServiceApi.csproj", "{47669366-D4D5-4E73-9D98-0A6E3488AA9D}"
EndProject
Project("{9A19103F-16F7-4668-BE54-9A1E7A4F7556}") = "DeliveryServiceApiTest", "DeliveryService-Api-Test\DeliveryServiceApiTest.csproj", "{64073986-BF20-42B2-93F3-F1C871AC768F}"
EndProject
Global
	GlobalSection(SolutionConfigurationPlatforms) = preSolution
		Debug|Any CPU = Debug|Any CPU
		Release|Any CPU = Release|Any CPU
	EndGlobalSection
	GlobalSection(ProjectConfigurationPlatforms) = postSolution
		{412EC93B-7F3F-4A49-BAF9-5B012B83D729}.Debug|Any CPU.ActiveCfg = Debug|Any CPU
		{412EC93B-7F3F-4A49-BAF9-5B012B83D729}.Debug|Any CPU.Build.0 = Debug|Any CPU
		{412EC93B-7F3F-4A49-BAF9-5B012B83D729}.Release|Any CPU.ActiveCfg = Release|Any CPU
		{412EC93B-7F3F-4A49-BAF9-5B012B83D729}.Release|Any CPU.Build.0 = Release|Any CPU
		{47669366-D4D5-4E73-9D98-0A6E3488AA9D}.Debug|Any CPU.ActiveCfg = Debug|Any CPU
		{47669366-D4D5-4E73-9D98-0A6E3488AA9D}.Debug|Any CPU.Build.0 = Debug|Any CPU
		{47669366-D4D5-4E73-9D98-0A6E3488AA9D}.Release|Any CPU.ActiveCfg = Release|Any CPU
		{47669366-D4D5-4E73-9D98-0A6E3488AA9D}.Release|Any CPU.Build.0 = Release|Any CPU
		{64073986-BF20-42B2-93F3-F1C871AC768F}.Debug|Any CPU.ActiveCfg = Debug|Any CPU
		{64073986-BF20-42B2-93F3-F1C871AC768F}.Debug|Any CPU.Build.0 = Debug|Any CPU
		{64073986-BF20-42B2-93F3-F1C871AC768F}.Release|Any CPU.ActiveCfg = Release|Any CPU
		{64073986-BF20-42B2-93F3-F1C871AC768F}.Release|Any CPU.Build.0 = Release|Any CPU
	EndGlobalSection
	GlobalSection(SolutionProperties) = preSolution
		HideSolutionNode = FALSE
	EndGlobalSection
	GlobalSection(ExtensibilityGlobals) = postSolution
		SolutionGuid = {E9172064-F7E5-44AA-B1BE-E1D8504E4C7E}
	EndGlobalSection
EndGlobal
